
Microsoft Visual Studio Solution File, Format Version 12.00
# Visual Studio Version 17
VisualStudioVersion = 17.9.34622.214
MinimumVisualStudioVersion = 10.0.40219.1
Project("{FAE04EC0-301F-11D3-BF4B-00C04F79EFBC}") = "BD_MySql_RecipeBook", "BD_MySql_RecipeBook\BD_MySql_RecipeBook.csproj", "{590249DB-21CB-48C8-867E-25CDCD657D6C}"
EndProject
Global
	GlobalSection(SolutionConfigurationPlatforms) = preSolution
		Debug|Any CPU = Debug|Any CPU
		Release|Any CPU = Release|Any CPU
	EndGlobalSection
	GlobalSection(ProjectConfigurationPlatforms) = postSolution
		{590249DB-21CB-48C8-867E-25CDCD657D6C}.Debug|Any CPU.ActiveCfg = Debug|Any CPU
		{590249DB-21CB-48C8-867E-25CDCD657D6C}.Debug|Any CPU.Build.0 = Debug|Any CPU
		{590249DB-21CB-48C8-867E-25CDCD657D6C}.Release|Any CPU.ActiveCfg = Release|Any CPU
		{590249DB-21CB-48C8-867E-25CDCD657D6C}.Release|Any CPU.Build.0 = Release|Any CPU
	EndGlobalSection
	GlobalSection(SolutionProperties) = preSolution
		HideSolutionNode = FALSE
	EndGlobalSection
	GlobalSection(ExtensibilityGlobals) = postSolution
		SolutionGuid = {B5DCA44F-2BC6-43B5-BD59-18F764B8DD3D}
	EndGlobalSection
EndGlobal
